{
  "name": "demo",
  "version": "1.0.0",
  "lockfileVersion": 1,
  "requires": true,
  "dependencies": {
    "dom7": {
      "version": "3.0.0",
      "resolved": "https://registry.npm.taobao.org/dom7/download/dom7-3.0.0.tgz",
      "integrity": "sha1-uGHOXWemvs16qjrQKUL/FLEkAzE=",
      "requires": {
        "ssr-window": "^3.0.0-alpha.1"
      }
    },
    "ssr-window": {
      "version": "3.0.0",
      "resolved": "https://registry.npm.taobao.org/ssr-window/download/ssr-window-3.0.0.tgz",
      "integrity": "sha1-/VuCgBY4lD4MxwTEaRgBQ1r3rDc="
    },
    "swiper": {
      "version": "6.4.5",
      "resolved": "https://registry.npm.taobao.org/swiper/download/swiper-6.4.5.tgz?cache=0&sync_timestamp=1608315414165&other_urls=https%3A%2F%2Fregistry.npm.taobao.org%2Fswiper%2Fdownload%2Fswiper-6.4.5.tgz",
      "integrity": "sha1-Kqnn9Z7QV4xBFia/JM21lCYJYY4=",
      "requires": {
        "dom7": "^3.0.0",
        "ssr-window": "^3.0.0",
        "tslib": "^2.0.0"
      }
    },
    "tslib": {
      "version": "2.1.0",
      "resolved": "https://registry.npm.taobao.org/tslib/download/tslib-2.1.0.tgz?cache=0&sync_timestamp=1609887438976&other_urls=https%3A%2F%2Fregistry.npm.taobao.org%2Ftslib%2Fdownload%2Ftslib-2.1.0.tgz",
      "integrity": "sha1-2mCGDxwuyqVwOrfTm8Bba/mIuXo="
    }
  }
}
